// !$*UTF8*$!
{
	archiveVersion = 1;
	classes = {
	};
	objectVersion = 50;
	objects = {

/* Begin PBXBuildFile section */
		F021700F275EBA3500270F74 /* AppDelegate.swift in Sources */ = {isa = PBXBuildFile; fileRef = F021700E275EBA3500270F74 /* AppDelegate.swift */; };
		F0217011275EBA3500270F74 /* SceneDelegate.swift in Sources */ = {isa = PBXBuildFile; fileRef = F0217010275EBA3500270F74 /* SceneDelegate.swift */; };
		F0217013275EBA3500270F74 /* ViewController.swift in Sources */ = {isa = PBXBuildFile; fileRef = F0217012275EBA3500270F74 /* ViewController.swift */; };
		F0217016275EBA3500270F74 /* Main.storyboard in Resources */ = {isa = PBXBuildFile; fileRef = F0217014275EBA3500270F74 /* Main.storyboard */; };
		F0217018275EBA3700270F74 /* Assets.xcassets in Resources */ = {isa = PBXBuildFile; fileRef = F0217017275EBA3700270F74 /* Assets.xcassets */; };
		F021701B275EBA3700270F74 /* LaunchScreen.storyboard in Resources */ = {isa = PBXBuildFile; fileRef = F0217019275EBA3700270F74 /* LaunchScreen.storyboard */; };
		F0217026275EBA3700270F74 /* exer1Tests.swift in Sources */ = {isa = PBXBuildFile; fileRef = F0217025275EBA3700270F74 /* exer1Tests.swift */; };
		F0217031275EBA3700270F74 /* exer1UITests.swift in Sources */ = {isa = PBXBuildFile; fileRef = F0217030275EBA3700270F74 /* exer1UITests.swift */; };
/* End PBXBuildFile section */

/* Begin PBXContainerItemProxy section */
		F0217022275EBA3700270F74 /* PBXContainerItemProxy */ = {
			isa = PBXContainerItemProxy;
			containerPortal = F0217003275EBA3500270F74 /* Project object */;
			proxyType = 1;
			remoteGlobalIDString = F021700A275EBA3500270F74;
			remoteInfo = exer1;
		};
		F021702D275EBA3700270F74 /* PBXContainerItemProxy */ = {
			isa = PBXContainerItemProxy;
			containerPortal = F0217003275EBA3500270F74 /* Project object */;
			proxyType = 1;
			remoteGlobalIDString = F021700A275EBA3500270F74;
			remoteInfo = exer1;
		};
/* End PBXContainerItemProxy section */

/* Begin PBXFileReference section */
		F021700B275EBA3500270F74 /* exer1.app */ = {isa = PBXFileReference; explicitFileType = wrapper.application; includeInIndex = 0; path = exer1.app; sourceTree = BUILT_PRODUCTS_DIR; };
		F021700E275EBA3500270F74 /* AppDelegate.swift */ = {isa = PBXFileReference; lastKnownFileType = sourcecode.swift; path = AppDelegate.swift; sourceTree = "<group>"; };
		F0217010275EBA3500270F74 /* SceneDelegate.swift */ = {isa = PBXFileReference; lastKnownFileType = sourcecode.swift; path = SceneDelegate.swift; sourceTree = "<group>"; };
		F0217012275EBA3500270F74 /* ViewController.swift */ = {isa = PBXFileReference; lastKnownFileType = sourcecode.swift; path = ViewController.swift; sourceTree = "<group>"; };
		F0217015275EBA3500270F74 /* Base */ = {isa = PBXFileReference; lastKnownFileType = file.storyboard; name = Base; path = Base.lproj/Main.storyboard; sourceTree = "<group>"; };
		F0217017275EBA3700270F74 /* Assets.xcassets */ = {isa = PBXFileReference; lastKnownFileType = folder.assetcatalog; path = Assets.xcassets; sourceTree = "<group>"; };
		F021701A275EBA3700270F74 /* Base */ = {isa = PBXFileReference; lastKnownFileType = file.storyboard; name = Base; path = Base.lproj/LaunchScreen.storyboard; sourceTree = "<group>"; };
		F021701C275EBA3700270F74 /* Info.plist */ = {isa = PBXFileReference; lastKnownFileType = text.plist.xml; path = Info.plist; sourceTree = "<group>"; };
		F0217021275EBA3700270F74 /* exer1Tests.xctest */ = {isa = PBXFileReference; explicitFileType = wrapper.cfbundle; includeInIndex = 0; path = exer1Tests.xctest; sourceTree = BUILT_PRODUCTS_DIR; };
		F0217025275EBA3700270F74 /* exer1Tests.swift */ = {isa = PBXFileReference; lastKnownFileType = sourcecode.swift; path = exer1Tests.swift; sourceTree = "<group>"; };
		F0217027275EBA3700270F74 /* Info.plist */ = {isa = PBXFileReference; lastKnownFileType = text.plist.xml; path = Info.plist; sourceTree = "<group>"; };
		F021702C275EBA3700270F74 /* exer1UITests.xctest */ = {isa = PBXFileReference; explicitFileType = wrapper.cfbundle; includeInIndex = 0; path = exer1UITests.xctest; sourceTree = BUILT_PRODUCTS_DIR; };
		F0217030275EBA3700270F74 /* exer1UITests.swift */ = {isa = PBXFileReference; lastKnownFileType = sourcecode.swift; path = exer1UITests.swift; sourceTree = "<group>"; };
		F0217032275EBA3700270F74 /* Info.plist */ = {isa = PBXFileReference; lastKnownFileType = text.plist.xml; path = Info.plist; sourceTree = "<group>"; };
/* End PBXFileReference section */

/* Begin PBXFrameworksBuildPhase section */
		F0217008275EBA3500270F74 /* Frameworks */ = {
			isa = PBXFrameworksBuildPhase;
			buildActionMask = 2147483647;
			files = (
			);
			runOnlyForDeploymentPostprocessing = 0;
		};
		F021701E275EBA3700270F74 /* Frameworks */ = {
			isa = PBXFrameworksBuildPhase;
			buildActionMask = 2147483647;
			files = (
			);
			runOnlyForDeploymentPostprocessing = 0;
		};
		F0217029275EBA3700270F74 /* Frameworks */ = {
			isa = PBXFrameworksBuildPhase;
			buildActionMask = 2147483647;
			files = (
			);
			runOnlyForDeploymentPostprocessing = 0;
		};
/* End PBXFrameworksBuildPhase section */

/* Begin PBXGroup section */
		F0217002275EBA3500270F74 = {
			isa = PBXGroup;
			children = (
				F021700D275EBA3500270F74 /* exer1 */,
				F0217024275EBA3700270F74 /* exer1Tests */,
				F021702F275EBA3700270F74 /* exer1UITests */,
				F021700C275EBA3500270F74 /* Products */,
			);
			sourceTree = "<group>";
		};
		F021700C275EBA3500270F74 /* Products */ = {
			isa = PBXGroup;
			children = (
				F021700B275EBA3500270F74 /* exer1.app */,
				F0217021275EBA3700270F74 /* exer1Tests.xctest */,
				F021702C275EBA3700270F74 /* exer1UITests.xctest */,
			);
			name = Products;
			sourceTree = "<group>";
		};
		F021700D275EBA3500270F74 /* exer1 */ = {
			isa = PBXGroup;
			children = (
				F021700E275EBA3500270F74 /* AppDelegate.swift */,
				F0217010275EBA3500270F74 /* SceneDelegate.swift */,
				F0217012275EBA3500270F74 /* ViewController.swift */,
				F0217014275EBA3500270F74 /* Main.storyboard */,
				F0217017275EBA3700270F74 /* Assets.xcassets */,
				F0217019275EBA3700270F74 /* LaunchScreen.storyboard */,
				F021701C275EBA3700270F74 /* Info.plist */,
			);
			path = exer1;
			sourceTree = "<group>";
		};
		F0217024275EBA3700270F74 /* exer1Tests */ = {
			isa = PBXGroup;
			children = (
				F0217025275EBA3700270F74 /* exer1Tests.swift */,
				F0217027275EBA3700270F74 /* Info.plist */,
			);
			path = exer1Tests;
			sourceTree = "<group>";
		};
		F021702F275EBA3700270F74 /* exer1UITests */ = {
			isa = PBXGroup;
			children = (
				F0217030275EBA3700270F74 /* exer1UITests.swift */,
				F0217032275EBA3700270F74 /* Info.plist */,
			);
			path = exer1UITests;
			sourceTree = "<group>";
		};
/* End PBXGroup section */

/* Begin PBXNativeTarget section */
		F021700A275EBA3500270F74 /* exer1 */ = {
			isa = PBXNativeTarget;
			buildConfigurationList = F0217035275EBA3700270F74 /* Build configuration list for PBXNativeTarget "exer1" */;
			buildPhases = (
				F0217007275EBA3500270F74 /* Sources */,
				F0217008275EBA3500270F74 /* Frameworks */,
				F0217009275EBA3500270F74 /* Resources */,
			);
			buildRules = (
			);
			dependencies = (
			);
			name = exer1;
			productName = exer1;
			productReference = F021700B275EBA3500270F74 /* exer1.app */;
			productType = "com.apple.product-type.application";
		};
		F0217020275EBA3700270F74 /* exer1Tests */ = {
			isa = PBXNativeTarget;
			buildConfigurationList = F0217038275EBA3700270F74 /* Build configuration list for PBXNativeTarget "exer1Tests" */;
			buildPhases = (
				F021701D275EBA3700270F74 /* Sources */,
				F021701E275EBA3700270F74 /* Frameworks */,
				F021701F275EBA3700270F74 /* Resources */,
			);
			buildRules = (
			);
			dependencies = (
				F0217023275EBA3700270F74 /* PBXTargetDependency */,
			);
			name = exer1Tests;
			productName = exer1Tests;
			productReference = F0217021275EBA3700270F74 /* exer1Tests.xctest */;
			productType = "com.apple.product-type.bundle.unit-test";
		};
		F021702B275EBA3700270F74 /* exer1UITests */ = {
			isa = PBXNativeTarget;
			buildConfigurationList = F021703B275EBA3700270F74 /* Build configuration list for PBXNativeTarget "exer1UITests" */;
			buildPhases = (
				F0217028275EBA3700270F74 /* Sources */,
				F0217029275EBA3700270F74 /* Frameworks */,
				F021702A275EBA3700270F74 /* Resources */,
			);
			buildRules = (
			);
			dependencies = (
				F021702E275EBA3700270F74 /* PBXTargetDependency */,
			);
			name = exer1UITests;
			productName = exer1UITests;
			productReference = F021702C275EBA3700270F74 /* exer1UITests.xctest */;
			productType = "com.apple.product-type.bundle.ui-testing";
		};
/* End PBXNativeTarget section */

/* Begin PBXProject section */
		F0217003275EBA3500270F74 /* Project object */ = {
			isa = PBXProject;
			attributes = {
				LastSwiftUpdateCheck = 1240;
				LastUpgradeCheck = 1240;
				TargetAttributes = {
					F021700A275EBA3500270F74 = {
						CreatedOnToolsVersion = 12.4;
					};
					F0217020275EBA3700270F74 = {
						CreatedOnToolsVersion = 12.4;
						TestTargetID = F021700A275EBA3500270F74;
					};
					F021702B275EBA3700270F74 = {
						CreatedOnToolsVersion = 12.4;
						TestTargetID = F021700A275EBA3500270F74;
					};
				};
			};
			buildConfigurationList = F0217006275EBA3500270F74 /* Build configuration list for PBXProject "exer1" */;
			compatibilityVersion = "Xcode 9.3";
			developmentRegion = en;
			hasScannedForEncodings = 0;
			knownRegions = (
				en,
				Base,
			);
			mainGroup = F0217002275EBA3500270F74;
			productRefGroup = F021700C275EBA3500270F74 /* Products */;
			projectDirPath = "";
			projectRoot = "";
			targets = (
				F021700A275EBA3500270F74 /* exer1 */,
				F0217020275EBA3700270F74 /* exer1Tests */,
				F021702B275EBA3700270F74 /* exer1UITests */,
			);
		};
/* End PBXProject section */

/* Begin PBXResourcesBuildPhase section */
		F0217009275EBA3500270F74 /* Resources */ = {
			isa = PBXResourcesBuildPhase;
			buildActionMask = 2147483647;
			files = (
				F021701B275EBA3700270F74 /* LaunchScreen.storyboard in Resources */,
				F0217018275EBA3700270F74 /* Assets.xcassets in Resources */,
				F0217016275EBA3500270F74 /* Main.storyboard in Resources */,
			);
			runOnlyForDeploymentPostprocessing = 0;
		};
		F021701F275EBA3700270F74 /* Resources */ = {
			isa = PBXResourcesBuildPhase;
			buildActionMask = 2147483647;
			files = (
			);
			runOnlyForDeploymentPostprocessing = 0;
		};
		F021702A275EBA3700270F74 /* Resources */ = {
			isa = PBXResourcesBuildPhase;
			buildActionMask = 2147483647;
			files = (
			);
			runOnlyForDeploymentPostprocessing = 0;
		};
/* End PBXResourcesBuildPhase section */

/* Begin PBXSourcesBuildPhase section */
		F0217007275EBA3500270F74 /* Sources */ = {
			isa = PBXSourcesBuildPhase;
			buildActionMask = 2147483647;
			files = (
				F0217013275EBA3500270F74 /* ViewController.swift in Sources */,
				F021700F275EBA3500270F74 /* AppDelegate.swift in Sources */,
				F0217011275EBA3500270F74 /* SceneDelegate.swift in Sources */,
			);
			runOnlyForDeploymentPostprocessing = 0;
		};
		F021701D275EBA3700270F74 /* Sources */ = {
			isa = PBXSourcesBuildPhase;
			buildActionMask = 2147483647;
			files = (
				F0217026275EBA3700270F74 /* exer1Tests.swift in Sources */,
			);
			runOnlyForDeploymentPostprocessing = 0;
		};
		F0217028275EBA3700270F74 /* Sources */ = {
			isa = PBXSourcesBuildPhase;
			buildActionMask = 2147483647;
			files = (
				F0217031275EBA3700270F74 /* exer1UITests.swift in Sources */,
			);
			runOnlyForDeploymentPostprocessing = 0;
		};
/* End PBXSourcesBuildPhase section */

/* Begin PBXTargetDependency section */
		F0217023275EBA3700270F74 /* PBXTargetDependency */ = {
			isa = PBXTargetDependency;
			target = F021700A275EBA3500270F74 /* exer1 */;
			targetProxy = F0217022275EBA3700270F74 /* PBXContainerItemProxy */;
		};
		F021702E275EBA3700270F74 /* PBXTargetDependency */ = {
			isa = PBXTargetDependency;
			target = F021700A275EBA3500270F74 /* exer1 */;
			targetProxy = F021702D275EBA3700270F74 /* PBXContainerItemProxy */;
		};
/* End PBXTargetDependency section */

/* Begin PBXVariantGroup section */
		F0217014275EBA3500270F74 /* Main.storyboard */ = {
			isa = PBXVariantGroup;
			children = (
				F0217015275EBA3500270F74 /* Base */,
			);
			name = Main.storyboard;
			sourceTree = "<group>";
		};
		F0217019275EBA3700270F74 /* LaunchScreen.storyboard */ = {
			isa = PBXVariantGroup;
			children = (
				F021701A275EBA3700270F74 /* Base */,
			);
			name = LaunchScreen.storyboard;
			sourceTree = "<group>";
		};
/* End PBXVariantGroup section */

/* Begin XCBuildConfiguration section */
		F0217033275EBA3700270F74 /* Debug */ = {
			isa = XCBuildConfiguration;
			buildSettings = {
				ALWAYS_SEARCH_USER_PATHS = NO;
				CLANG_ANALYZER_NONNULL = YES;
				CLANG_ANALYZER_NUMBER_OBJECT_CONVERSION = YES_AGGRESSIVE;
				CLANG_CXX_LANGUAGE_STANDARD = "gnu++14";
				CLANG_CXX_LIBRARY = "libc++";
				CLANG_ENABLE_MODULES = YES;
				CLANG_ENABLE_OBJC_ARC = YES;
				CLANG_ENABLE_OBJC_WEAK = YES;
				CLANG_WARN_BLOCK_CAPTURE_AUTORELEASING = YES;
				CLANG_WARN_BOOL_CONVERSION = YES;
				CLANG_WARN_COMMA = YES;
				CLANG_WARN_CONSTANT_CONVERSION = YES;
				CLANG_WARN_DEPRECATED_OBJC_IMPLEMENTATIONS = YES;
				CLANG_WARN_DIRECT_OBJC_ISA_USAGE = YES_ERROR;
				CLANG_WARN_DOCUMENTATION_COMMENTS = YES;
				CLANG_WARN_EMPTY_BODY = YES;
				CLANG_WARN_ENUM_CONVERSION = YES;
				CLANG_WARN_INFINITE_RECURSION = YES;
				CLANG_WARN_INT_CONVERSION = YES;
				CLANG_WARN_NON_LITERAL_NULL_CONVERSION = YES;
				CLANG_WARN_OBJC_IMPLICIT_RETAIN_SELF = YES;
				CLANG_WARN_OBJC_LITERAL_CONVERSION = YES;
				CLANG_WARN_OBJC_ROOT_CLASS = YES_ERROR;
				CLANG_WARN_QUOTED_INCLUDE_IN_FRAMEWORK_HEADER = YES;
				CLANG_WARN_RANGE_LOOP_ANALYSIS = YES;
				CLANG_WARN_STRICT_PROTOTYPES = YES;
				CLANG_WARN_SUSPICIOUS_MOVE = YES;
				CLANG_WARN_UNGUARDED_AVAILABILITY = YES_AGGRESSIVE;
				CLANG_WARN_UNREACHABLE_CODE = YES;
				CLANG_WARN__DUPLICATE_METHOD_MATCH = YES;
				COPY_PHASE_STRIP = NO;
				DEBUG_INFORMATION_FORMAT = dwarf;
				ENABLE_STRICT_OBJC_MSGSEND = YES;
				ENABLE_TESTABILITY = YES;
				GCC_C_LANGUAGE_STANDARD = gnu11;
				GCC_DYNAMIC_NO_PIC = NO;
				GCC_NO_COMMON_BLOCKS = YES;
				GCC_OPTIMIZATION_LEVEL = 0;
				GCC_PREPROCESSOR_DEFINITIONS = (
					"DEBUG=1",
					"$(inherited)",
				);
				GCC_WARN_64_TO_32_BIT_CONVERSION = YES;
				GCC_WARN_ABOUT_RETURN_TYPE = YES_ERROR;
				GCC_WARN_UNDECLARED_SELECTOR = YES;
				GCC_WARN_UNINITIALIZED_AUTOS = YES_AGGRESSIVE;
				GCC_WARN_UNUSED_FUNCTION = YES;
				GCC_WARN_UNUSED_VARIABLE = YES;
				IPHONEOS_DEPLOYMENT_TARGET = 14.4;
				MTL_ENABLE_DEBUG_INFO = INCLUDE_SOURCE;
				MTL_FAST_MATH = YES;
				ONLY_ACTIVE_ARCH = YES;
				SDKROOT = iphoneos;
				SWIFT_ACTIVE_COMPILATION_CONDITIONS = DEBUG;
				SWIFT_OPTIMIZATION_LEVEL = "-Onone";
			};
			name = Debug;
		};
		F0217034275EBA3700270F74 /* Release */ = {
			isa = XCBuildConfiguration;
			buildSettings = {
				ALWAYS_SEARCH_USER_PATHS = NO;
				CLANG_ANALYZER_NONNULL = YES;
				CLANG_ANALYZER_NUMBER_OBJECT_CONVERSION = YES_AGGRESSIVE;
				CLANG_CXX_LANGUAGE_STANDARD = "gnu++14";
				CLANG_CXX_LIBRARY = "libc++";
				CLANG_ENABLE_MODULES = YES;
				CLANG_ENABLE_OBJC_ARC = YES;
				CLANG_ENABLE_OBJC_WEAK = YES;
				CLANG_WARN_BLOCK_CAPTURE_AUTORELEASING = YES;
				CLANG_WARN_BOOL_CONVERSION = YES;
				CLANG_WARN_COMMA = YES;
				CLANG_WARN_CONSTANT_CONVERSION = YES;
				CLANG_WARN_DEPRECATED_OBJC_IMPLEMENTATIONS = YES;
				CLANG_WARN_DIRECT_OBJC_ISA_USAGE = YES_ERROR;
				CLANG_WARN_DOCUMENTATION_COMMENTS = YES;
				CLANG_WARN_EMPTY_BODY = YES;
				CLANG_WARN_ENUM_CONVERSION = YES;
				CLANG_WARN_INFINITE_RECURSION = YES;
				CLANG_WARN_INT_CONVERSION = YES;
				CLANG_WARN_NON_LITERAL_NULL_CONVERSION = YES;
				CLANG_WARN_OBJC_IMPLICIT_RETAIN_SELF = YES;
				CLANG_WARN_OBJC_LITERAL_CONVERSION = YES;
				CLANG_WARN_OBJC_ROOT_CLASS = YES_ERROR;
				CLANG_WARN_QUOTED_INCLUDE_IN_FRAMEWORK_HEADER = YES;
				CLANG_WARN_RANGE_LOOP_ANALYSIS = YES;
				CLANG_WARN_STRICT_PROTOTYPES = YES;
				CLANG_WARN_SUSPICIOUS_MOVE = YES;
				CLANG_WARN_UNGUARDED_AVAILABILITY = YES_AGGRESSIVE;
				CLANG_WARN_UNREACHABLE_CODE = YES;
				CLANG_WARN__DUPLICATE_METHOD_MATCH = YES;
				COPY_PHASE_STRIP = NO;
				DEBUG_INFORMATION_FORMAT = "dwarf-with-dsym";
				ENABLE_NS_ASSERTIONS = NO;
				ENABLE_STRICT_OBJC_MSGSEND = YES;
				GCC_C_LANGUAGE_STANDARD = gnu11;
				GCC_NO_COMMON_BLOCKS = YES;
				GCC_WARN_64_TO_32_BIT_CONVERSION = YES;
				GCC_WARN_ABOUT_RETURN_TYPE = YES_ERROR;
				GCC_WARN_UNDECLARED_SELECTOR = YES;
				GCC_WARN_UNINITIALIZED_AUTOS = YES_AGGRESSIVE;
				GCC_WARN_UNUSED_FUNCTION = YES;
				GCC_WARN_UNUSED_VARIABLE = YES;
				IPHONEOS_DEPLOYMENT_TARGET = 14.4;
				MTL_ENABLE_DEBUG_INFO = NO;
				MTL_FAST_MATH = YES;
				SDKROOT = iphoneos;
				SWIFT_COMPILATION_MODE = wholemodule;
				SWIFT_OPTIMIZATION_LEVEL = "-O";
				VALIDATE_PRODUCT = YES;
			};
			name = Release;
		};
		F0217036275EBA3700270F74 /* Debug */ = {
			isa = XCBuildConfiguration;
			buildSettings = {
				ASSETCATALOG_COMPILER_APPICON_NAME = AppIcon;
				ASSETCATALOG_COMPILER_GLOBAL_ACCENT_COLOR_NAME = AccentColor;
				CODE_SIGN_STYLE = Automatic;
				INFOPLIST_FILE = exer1/Info.plist;
				LD_RUNPATH_SEARCH_PATHS = (
					"$(inherited)",
					"@executable_path/Frameworks",
				);
				PRODUCT_BUNDLE_IDENTIFIER = nsn.exer1;
				PRODUCT_NAME = "$(TARGET_NAME)";
				SWIFT_VERSION = 5.0;
				TARGETED_DEVICE_FAMILY = "1,2";
			};
			name = Debug;
		};
		F0217037275EBA3700270F74 /* Release */ = {
			isa = XCBuildConfiguration;
			buildSettings = {
				ASSETCATALOG_COMPILER_APPICON_NAME = AppIcon;
				ASSETCATALOG_COMPILER_GLOBAL_ACCENT_COLOR_NAME = AccentColor;
				CODE_SIGN_STYLE = Automatic;
				INFOPLIST_FILE = exer1/Info.plist;
				LD_RUNPATH_SEARCH_PATHS = (
					"$(inherited)",
					"@executable_path/Frameworks",
				);
				PRODUCT_BUNDLE_IDENTIFIER = nsn.exer1;
				PRODUCT_NAME = "$(TARGET_NAME)";
				SWIFT_VERSION = 5.0;
				TARGETED_DEVICE_FAMILY = "1,2";
			};
			name = Release;
		};
		F0217039275EBA3700270F74 /* Debug */ = {
			isa = XCBuildConfiguration;
			buildSettings = {
				ALWAYS_EMBED_SWIFT_STANDARD_LIBRARIES = YES;
				BUNDLE_LOADER = "$(TEST_HOST)";
				CODE_SIGN_STYLE = Automatic;
				INFOPLIST_FILE = exer1Tests/Info.plist;
				IPHONEOS_DEPLOYMENT_TARGET = 14.4;
				LD_RUNPATH_SEARCH_PATHS = (
					"$(inherited)",
					"@executable_path/Frameworks",
					"@loader_path/Frameworks",
				);
				PRODUCT_BUNDLE_IDENTIFIER = nsn.exer1Tests;
				PRODUCT_NAME = "$(TARGET_NAME)";
				SWIFT_VERSION = 5.0;
				TARGETED_DEVICE_FAMILY = "1,2";
				TEST_HOST = "$(BUILT_PRODUCTS_DIR)/exer1.app/exer1";
			};
			name = Debug;
		};
		F021703A275EBA3700270F74 /* Release */ = {
			isa = XCBuildConfiguration;
			buildSettings = {
				ALWAYS_EMBED_SWIFT_STANDARD_LIBRARIES = YES;
				BUNDLE_LOADER = "$(TEST_HOST)";
				CODE_SIGN_STYLE = Automatic;
				INFOPLIST_FILE = exer1Tests/Info.plist;
				IPHONEOS_DEPLOYMENT_TARGET = 14.4;
				LD_RUNPATH_SEARCH_PATHS = (
					"$(inherited)",
					"@executable_path/Frameworks",
					"@loader_path/Frameworks",
				);
				PRODUCT_BUNDLE_IDENTIFIER = nsn.exer1Tests;
				PRODUCT_NAME = "$(TARGET_NAME)";
				SWIFT_VERSION = 5.0;
				TARGETED_DEVICE_FAMILY = "1,2";
				TEST_HOST = "$(BUILT_PRODUCTS_DIR)/exer1.app/exer1";
			};
			name = Release;
		};
		F021703C275EBA3700270F74 /* Debug */ = {
			isa = XCBuildConfiguration;
			buildSettings = {
				ALWAYS_EMBED_SWIFT_STANDARD_LIBRARIES = YES;
				CODE_SIGN_STYLE = Automatic;
				INFOPLIST_FILE = exer1UITests/Info.plist;
				LD_RUNPATH_SEARCH_PATHS = (
					"$(inherited)",
					"@executable_path/Frameworks",
					"@loader_path/Frameworks",
				);
				PRODUCT_BUNDLE_IDENTIFIER = nsn.exer1UITests;
				PRODUCT_NAME = "$(TARGET_NAME)";
				SWIFT_VERSION = 5.0;
				TARGETED_DEVICE_FAMILY = "1,2";
				TEST_TARGET_NAME = exer1;
			};
			name = Debug;
		};
		F021703D275EBA3700270F74 /* Release */ = {
			isa = XCBuildConfiguration;
			buildSettings = {
				ALWAYS_EMBED_SWIFT_STANDARD_LIBRARIES = YES;
				CODE_SIGN_STYLE = Automatic;
				INFOPLIST_FILE = exer1UITests/Info.plist;
				LD_RUNPATH_SEARCH_PATHS = (
					"$(inherited)",
					"@executable_path/Frameworks",
					"@loader_path/Frameworks",
				);
				PRODUCT_BUNDLE_IDENTIFIER = nsn.exer1UITests;
				PRODUCT_NAME = "$(TARGET_NAME)";
				SWIFT_VERSION = 5.0;
				TARGETED_DEVICE_FAMILY = "1,2";
				TEST_TARGET_NAME = exer1;
			};
			name = Release;
		};
/* End XCBuildConfiguration section */

/* Begin XCConfigurationList section */
		F0217006275EBA3500270F74 /* Build configuration list for PBXProject "exer1" */ = {
			isa = XCConfigurationList;
			buildConfigurations = (
				F0217033275EBA3700270F74 /* Debug */,
				F0217034275EBA3700270F74 /* Release */,
			);
			defaultConfigurationIsVisible = 0;
			defaultConfigurationName = Release;
		};
		F0217035275EBA3700270F74 /* Build configuration list for PBXNativeTarget "exer1" */ = {
			isa = XCConfigurationList;
			buildConfigurations = (
				F0217036275EBA3700270F74 /* Debug */,
				F0217037275EBA3700270F74 /* Release */,
			);
			defaultConfigurationIsVisible = 0;
			defaultConfigurationName = Release;
		};
		F0217038275EBA3700270F74 /* Build configuration list for PBXNativeTarget "exer1Tests" */ = {
			isa = XCConfigurationList;
			buildConfigurations = (
				F0217039275EBA3700270F74 /* Debug */,
				F021703A275EBA3700270F74 /* Release */,
			);
			defaultConfigurationIsVisible = 0;
			defaultConfigurationName = Release;
		};
		F021703B275EBA3700270F74 /* Build configuration list for PBXNativeTarget "exer1UITests" */ = {
			isa = XCConfigurationList;
			buildConfigurations = (
				F021703C275EBA3700270F74 /* Debug */,
				F021703D275EBA3700270F74 /* Release */,
			);
			defaultConfigurationIsVisible = 0;
			defaultConfigurationName = Release;
		};
/* End XCConfigurationList section */
	};
	rootObject = F0217003275EBA3500270F74 /* Project object */;
}
